github.com/Zyko0/Ebiary/asset v0.0.0-20240519201548-c19e60840185 h1:qCIeFpY5HVnSEqig0Oe8rLGjLmy2gX61xEFzm3E6Nyw=
github.com/Zyko0/Ebiary/asset v0.0.0-20240519201548-c19e60840185/go.mod h1:4CqqwHRUbvGBpBd5ye4MxDA4k/XtZqrAD1sg9uxmcYI=
github.com/Zyko0/Ebiary/ui v0.0.0-20240519201548-c19e60840185 h1:OidSPl9PPdd+UvoySGvy9ohVfJvzejf8BlDWviIubw0=
github.com/Zyko0/Ebiary/ui v0.0.0-20240519201548-c19e60840185/go.mod h1:euYEuTMpnDOEAwu14DZPF+BHVDOBwOOzANm5eR90AMo=
github.com/ebitengine/gomobile v0.0.0-20240518074828-e86332849895 h1:48bCqKTuD7Z0UovDfvpCn7wZ0GUZ+yosIteNDthn3FU=
github.com/ebitengine/gomobile v0.0.0-20240518074828-e86332849895/go.mod h1:XZdLv05c5hOZm3fM2NlJ92FyEZjnslcMcNRrhxs8+8M=
github.com/ebitengine/hideconsole v1.0.0 h1:5J4U0kXF+pv/DhiXt5/lTz0eO5ogJ1iXb8Yj1yReDqE=
github.com/ebitengine/hideconsole v1.0.0/go.mod h1:hTTBTvVYWKBuxPr7peweneWdkUwEuHuB3C1R/ielR1A=
github.com/ebitengine/oto/v3 v3.3.0-alpha.1 h1:J2nBmQwPLKc4+yLObytq1jKNydI96l6EjZfgefiqGbk=
github.com/ebitengine/oto/v3 v3.3.0-alpha.1/go.mod h1:T2/VV0UWG97GEEf4kORMU2nCneYT/YmwSTxPutSVaUg=
github.com/ebitengine/purego v0.8.0-alpha.2 h1:+Kyr9n4eXAGMzhtWJxfdQ7AzGn0+6ZWihfCCxul3Dso=
github.com/ebitengine/purego v0.8.0-alpha.2/go.mod h1:w5fARo4H5UrAgQTz0yqDfZ6bjstTQwUFmO+TN+nHlWE=
github.com/fsnotify/fsnotify v1.7.0 h1:8JEhPFa5W2WU7YfeZzPNqzMP6Lwt7L2715Ggo0nosvA=
github.com/fsnotify/fsnotify v1.7.0/go.mod h1:40Bi/Hjc2AVfZrqy+aj+yEI+/bRxZnMJyTJwOpGvigM=
github.com/go-gl/mathgl v1.1.0 h1:0lzZ+rntPX3/oGrDzYGdowSLC2ky8Osirvf5uAwfIEA=
github.com/go-gl/mathgl v1.1.0/go.mod h1:yhpkQzEiH9yPyxDUGzkmgScbaBVlhC06qodikEM0ZwQ=
github.com/go-text/typesetting v0.1.1-0.20240402181327-ced1d6822703 h1:AqtMl9yw7r319Ah4W2afQm3Ql+PEsQKHds18tGvKhog=
github.com/go-text/typesetting v0.1.1-0.20240402181327-ced1d6822703/go.mod h1:2+owI/sxa73XA581LAzVuEBZ3WEEV2pXeDswCH/3i1I=
github.com/go-text/typesetting-utils v0.0.0-20240317173224-1986cbe96c66 h1:GUrm65PQPlhFSKjLPGOZNPNxLCybjzjYBzjfoBGaDUY=
github.com/go-text/typesetting-utils v0.0.0-20240317173224-1986cbe96c66/go.mod h1:DDxDdQEnB70R8owOx3LVpEFvpMK9eeH1o2r0yZhFI9o=
github.com/hajimehoshi/bitmapfont/v3 v3.1.0 h1:JLy/na2e83GewqebpFbS2LHpDVnGdzmyJOpqXtBgLm0=
github.com/hajimehoshi/bitmapfont/v3 v3.1.0/go.mod h1:VVaVK/4HpV1MHWswCl5miFOuLoRVyIplB3qEJxZK2OA=
github.com/hajimehoshi/ebiten/v2 v2.8.0-alpha.1.0.20240505114735-5d4a68b0ea9e h1:B/8mZdU/t1kZcTUH3+ynQ4IgJTE3Btir0C/gSCNkPjU=
github.com/hajimehoshi/ebiten/v2 v2.8.0-alpha.1.0.20240505114735-5d4a68b0ea9e/go.mod h1:+zSQq3pUAhZerDUN4npOPW9StkdYh7W8Xk7KFuQgfwE=
github.com/jezek/xgb v1.1.1 h1:bE/r8ZZtSv7l9gk6nU0mYx51aXrvnyb44892TwSaqS4=
github.com/jezek/xgb v1.1.1/go.mod h1:nrhwO0FX/enq75I7Y7G8iN1ubpSGZEiA3v9e9GyRFlk=
github.com/jfreymuth/oggvorbis v1.0.5 h1:u+Ck+R0eLSRhgq8WTmffYnrVtSztJcYrl588DM4e3kQ=
github.com/jfreymuth/oggvorbis v1.0.5/go.mod h1:1U4pqWmghcoVsCJJ4fRBKv9peUJMBHixthRlBeD6uII=
github.com/jfreymuth/vorbis v1.0.2 h1:m1xH6+ZI4thH927pgKD8JOH4eaGRm18rEE9/0WKjvNE=
github.com/jfreymuth/vorbis v1.0.2/go.mod h1:DoftRo4AznKnShRl1GxiTFCseHr4zR9BN3TWXyuzrqQ=
golang.org/x/image v0.0.0-20190321063152-3fc05d484e9f/go.mod h1:kZ7UVZpmo3dzQBMxlp+ypCbDeSB+sBbTgSJuh5dn5js=
golang.org/x/image v0.16.0 h1:9kloLAKhUufZhA12l5fwnx2NZW39/we1UhBesW433jw=
golang.org/x/image v0.16.0/go.mod h1:ugSZItdV4nOxyqp56HmXwH0Ry0nBCpjnZdpDaIHdoPs=
golang.org/x/sync v0.7.0 h1:YsImfSBoP9QPYL0xyKJPq0gcaJdG3rInoqxTWbfQu9M=
golang.org/x/sync v0.7.0/go.mod h1:Czt+wKu1gCyEFDUtn0jG5QVvpJ6rzVqr5aXyt9drQfk=
golang.org/x/sys v0.20.0 h1:Od9JTbYCk261bKm4M/mw7AklTlFYIa0bIp9BgSm1S8Y=
golang.org/x/sys v0.20.0/go.mod h1:/VUhepiaJMQUp4+oa/7Zr1D23ma6VTLIYjOOTFZPUcA=
golang.org/x/text v0.3.0/go.mod h1:NqM8EUOU14njkJ3fqMW+pc6Ldnwhi/IjpwHt7yyuwOQ=
golang.org/x/text v0.15.0 h1:h1V/4gjBv8v9cjcR6+AR5+/cIYK5N/WAgiv4xlsEtAk=
golang.org/x/text v0.15.0/go.mod h1:18ZOQIKpY8NJVqYksKHtTdi31H5itFRjB5/qKTNYzSU=
